
Microsoft Visual Studio Solution File, Format Version 12.00
# Visual Studio Version 16
VisualStudioVersion = 16.0.29215.179
MinimumVisualStudioVersion = 10.0.40219.1
Project("{FAE04EC0-301F-11D3-BF4B-00C04F79EFBC}") = "TomskGO.Android", "TomskGO\TomskGO.Android\TomskGO.Android.csproj", "{8CD878F2-EC6C-472B-9962-89A7AC3A52E5}"
EndProject
Project("{FAE04EC0-301F-11D3-BF4B-00C04F79EFBC}") = "TomskGO.iOS", "TomskGO\TomskGO.iOS\TomskGO.iOS.csproj", "{6BA61FFC-4240-4B6A-BFA1-35033F81243E}"
EndProject
Project("{9A19103F-16F7-4668-BE54-9A1E7A4F7556}") = "TomskGO.Core", "TomskGO\TomskGO\TomskGO.Core.csproj", "{25A1FA5C-5A9D-4A8E-9803-9A981A8424DB}"
EndProject
Project("{9A19103F-16F7-4668-BE54-9A1E7A4F7556}") = "TomskGO.Functions", "TomskGO.Functions\TomskGO.Functions.csproj", "{4B4F1655-F65A-4725-995C-A35E3F83AF0F}"
EndProject
Project("{FAE04EC0-301F-11D3-BF4B-00C04F79EFBC}") = "TomskGO.Models", "TomskGO.Models\TomskGO.Models.csproj", "{DB711A00-E01E-4610-B0B7-5A7298E7AE29}"
EndProject
Global
	GlobalSection(SolutionConfigurationPlatforms) = preSolution
		Ad-Hoc|Any CPU = Ad-Hoc|Any CPU
		Ad-Hoc|iPhone = Ad-Hoc|iPhone
		Ad-Hoc|iPhoneSimulator = Ad-Hoc|iPhoneSimulator
		AppStore|Any CPU = AppStore|Any CPU
		AppStore|iPhone = AppStore|iPhone
		AppStore|iPhoneSimulator = AppStore|iPhoneSimulator
		Debug|Any CPU = Debug|Any CPU
		Debug|iPhone = Debug|iPhone
		Debug|iPhoneSimulator = Debug|iPhoneSimulator
		Release|Any CPU = Release|Any CPU
		Release|iPhone = Release|iPhone
		Release|iPhoneSimulator = Release|iPhoneSimulator
	EndGlobalSection
	GlobalSection(ProjectConfigurationPlatforms) = postSolution
		{8CD878F2-EC6C-472B-9962-89A7AC3A52E5}.Ad-Hoc|Any CPU.ActiveCfg = Release|Any CPU
		{8CD878F2-EC6C-472B-9962-89A7AC3A52E5}.Ad-Hoc|Any CPU.Build.0 = Release|Any CPU
		{8CD878F2-EC6C-472B-9962-89A7AC3A52E5}.Ad-Hoc|Any CPU.Deploy.0 = Release|Any CPU
		{8CD878F2-EC6C-472B-9962-89A7AC3A52E5}.Ad-Hoc|iPhone.ActiveCfg = Release|Any CPU
		{8CD878F2-EC6C-472B-9962-89A7AC3A52E5}.Ad-Hoc|iPhone.Build.0 = Release|Any CPU
		{8CD878F2-EC6C-472B-9962-89A7AC3A52E5}.Ad-Hoc|iPhone.Deploy.0 = Release|Any CPU
		{8CD878F2-EC6C-472B-9962-89A7AC3A52E5}.Ad-Hoc|iPhoneSimulator.ActiveCfg = Release|Any CPU
		{8CD878F2-EC6C-472B-9962-89A7AC3A52E5}.Ad-Hoc|iPhoneSimulator.Build.0 = Release|Any CPU
		{8CD878F2-EC6C-472B-9962-89A7AC3A52E5}.Ad-Hoc|iPhoneSimulator.Deploy.0 = Release|Any CPU
		{8CD878F2-EC6C-472B-9962-89A7AC3A52E5}.AppStore|Any CPU.ActiveCfg = Release|Any CPU
		{8CD878F2-EC6C-472B-9962-89A7AC3A52E5}.AppStore|Any CPU.Build.0 = Release|Any CPU
		{8CD878F2-EC6C-472B-9962-89A7AC3A52E5}.AppStore|Any CPU.Deploy.0 = Release|Any CPU
		{8CD878F2-EC6C-472B-9962-89A7AC3A52E5}.AppStore|iPhone.ActiveCfg = Release|Any CPU
		{8CD878F2-EC6C-472B-9962-89A7AC3A52E5}.AppStore|iPhone.Build.0 = Release|Any CPU
		{8CD878F2-EC6C-472B-9962-89A7AC3A52E5}.AppStore|iPhone.Deploy.0 = Release|Any CPU
		{8CD878F2-EC6C-472B-9962-89A7AC3A52E5}.AppStore|iPhoneSimulator.ActiveCfg = Release|Any CPU
		{8CD878F2-EC6C-472B-9962-89A7AC3A52E5}.AppStore|iPhoneSimulator.Build.0 = Release|Any CPU
		{8CD878F2-EC6C-472B-9962-89A7AC3A52E5}.AppStore|iPhoneSimulator.Deploy.0 = Release|Any CPU
		{8CD878F2-EC6C-472B-9962-89A7AC3A52E5}.Debug|Any CPU.ActiveCfg = Debug|Any CPU
		{8CD878F2-EC6C-472B-9962-89A7AC3A52E5}.Debug|Any CPU.Build.0 = Debug|Any CPU
		{8CD878F2-EC6C-472B-9962-89A7AC3A52E5}.Debug|Any CPU.Deploy.0 = Debug|Any CPU
		{8CD878F2-EC6C-472B-9962-89A7AC3A52E5}.Debug|iPhone.ActiveCfg = Debug|Any CPU
		{8CD878F2-EC6C-472B-9962-89A7AC3A52E5}.Debug|iPhone.Build.0 = Debug|Any CPU
		{8CD878F2-EC6C-472B-9962-89A7AC3A52E5}.Debug|iPhone.Deploy.0 = Debug|Any CPU
		{8CD878F2-EC6C-472B-9962-89A7AC3A52E5}.Debug|iPhoneSimulator.ActiveCfg = Debug|Any CPU
		{8CD878F2-EC6C-472B-9962-89A7AC3A52E5}.Debug|iPhoneSimulator.Build.0 = Debug|Any CPU
		{8CD878F2-EC6C-472B-9962-89A7AC3A52E5}.Debug|iPhoneSimulator.Deploy.0 = Debug|Any CPU
		{8CD878F2-EC6C-472B-9962-89A7AC3A52E5}.Release|Any CPU.ActiveCfg = Release|Any CPU
		{8CD878F2-EC6C-472B-9962-89A7AC3A52E5}.Release|Any CPU.Build.0 = Release|Any CPU
		{8CD878F2-EC6C-472B-9962-89A7AC3A52E5}.Release|Any CPU.Deploy.0 = Release|Any CPU
		{8CD878F2-EC6C-472B-9962-89A7AC3A52E5}.Release|iPhone.ActiveCfg = Release|Any CPU
		{8CD878F2-EC6C-472B-9962-89A7AC3A52E5}.Release|iPhone.Build.0 = Release|Any CPU
		{8CD878F2-EC6C-472B-9962-89A7AC3A52E5}.Release|iPhone.Deploy.0 = Release|Any CPU
		{8CD878F2-EC6C-472B-9962-89A7AC3A52E5}.Release|iPhoneSimulator.ActiveCfg = Release|Any CPU
		{8CD878F2-EC6C-472B-9962-89A7AC3A52E5}.Release|iPhoneSimulator.Build.0 = Release|Any CPU
		{8CD878F2-EC6C-472B-9962-89A7AC3A52E5}.Release|iPhoneSimulator.Deploy.0 = Release|Any CPU
		{6BA61FFC-4240-4B6A-BFA1-35033F81243E}.Ad-Hoc|Any CPU.ActiveCfg = Ad-Hoc|iPhone
		{6BA61FFC-4240-4B6A-BFA1-35033F81243E}.Ad-Hoc|Any CPU.Build.0 = Ad-Hoc|iPhone
		{6BA61FFC-4240-4B6A-BFA1-35033F81243E}.Ad-Hoc|Any CPU.Deploy.0 = Ad-Hoc|iPhone
		{6BA61FFC-4240-4B6A-BFA1-35033F81243E}.Ad-Hoc|iPhone.ActiveCfg = Ad-Hoc|iPhone
		{6BA61FFC-4240-4B6A-BFA1-35033F81243E}.Ad-Hoc|iPhone.Build.0 = Ad-Hoc|iPhone
		{6BA61FFC-4240-4B6A-BFA1-35033F81243E}.Ad-Hoc|iPhone.Deploy.0 = Ad-Hoc|iPhone
		{6BA61FFC-4240-4B6A-BFA1-35033F81243E}.Ad-Hoc|iPhoneSimulator.ActiveCfg = Ad-Hoc|iPhoneSimulator
		{6BA61FFC-4240-4B6A-BFA1-35033F81243E}.Ad-Hoc|iPhoneSimulator.Build.0 = Ad-Hoc|iPhoneSimulator
		{6BA61FFC-4240-4B6A-BFA1-35033F81243E}.Ad-Hoc|iPhoneSimulator.Deploy.0 = Ad-Hoc|iPhoneSimulator
		{6BA61FFC-4240-4B6A-BFA1-35033F81243E}.AppStore|Any CPU.ActiveCfg = AppStore|iPhone
		{6BA61FFC-4240-4B6A-BFA1-35033F81243E}.AppStore|Any CPU.Build.0 = AppStore|iPhone
		{6BA61FFC-4240-4B6A-BFA1-35033F81243E}.AppStore|Any CPU.Deploy.0 = AppStore|iPhone
		{6BA61FFC-4240-4B6A-BFA1-35033F81243E}.AppStore|iPhone.ActiveCfg = AppStore|iPhone
		{6BA61FFC-4240-4B6A-BFA1-35033F81243E}.AppStore|iPhone.Build.0 = AppStore|iPhone
		{6BA61FFC-4240-4B6A-BFA1-35033F81243E}.AppStore|iPhone.Deploy.0 = AppStore|iPhone
		{6BA61FFC-4240-4B6A-BFA1-35033F81243E}.AppStore|iPhoneSimulator.ActiveCfg = AppStore|iPhoneSimulator
		{6BA61FFC-4240-4B6A-BFA1-35033F81243E}.AppStore|iPhoneSimulator.Build.0 = AppStore|iPhoneSimulator
		{6BA61FFC-4240-4B6A-BFA1-35033F81243E}.AppStore|iPhoneSimulator.Deploy.0 = AppStore|iPhoneSimulator
		{6BA61FFC-4240-4B6A-BFA1-35033F81243E}.Debug|Any CPU.ActiveCfg = Debug|iPhoneSimulator
		{6BA61FFC-4240-4B6A-BFA1-35033F81243E}.Debug|Any CPU.Build.0 = Debug|iPhoneSimulator
		{6BA61FFC-4240-4B6A-BFA1-35033F81243E}.Debug|Any CPU.Deploy.0 = Debug|iPhoneSimulator
		{6BA61FFC-4240-4B6A-BFA1-35033F81243E}.Debug|iPhone.ActiveCfg = Debug|iPhone
		{6BA61FFC-4240-4B6A-BFA1-35033F81243E}.Debug|iPhone.Build.0 = Debug|iPhone
		{6BA61FFC-4240-4B6A-BFA1-35033F81243E}.Debug|iPhone.Deploy.0 = Debug|iPhone
		{6BA61FFC-4240-4B6A-BFA1-35033F81243E}.Debug|iPhoneSimulator.ActiveCfg = Debug|iPhoneSimulator
		{6BA61FFC-4240-4B6A-BFA1-35033F81243E}.Debug|iPhoneSimulator.Build.0 = Debug|iPhoneSimulator
		{6BA61FFC-4240-4B6A-BFA1-35033F81243E}.Debug|iPhoneSimulator.Deploy.0 = Debug|iPhoneSimulator
		{6BA61FFC-4240-4B6A-BFA1-35033F81243E}.Release|Any CPU.ActiveCfg = Release|iPhone
		{6BA61FFC-4240-4B6A-BFA1-35033F81243E}.Release|Any CPU.Build.0 = Release|iPhone
		{6BA61FFC-4240-4B6A-BFA1-35033F81243E}.Release|Any CPU.Deploy.0 = Release|iPhone
		{6BA61FFC-4240-4B6A-BFA1-35033F81243E}.Release|iPhone.ActiveCfg = Release|iPhone
		{6BA61FFC-4240-4B6A-BFA1-35033F81243E}.Release|iPhone.Build.0 = Release|iPhone
		{6BA61FFC-4240-4B6A-BFA1-35033F81243E}.Release|iPhone.Deploy.0 = Release|iPhone
		{6BA61FFC-4240-4B6A-BFA1-35033F81243E}.Release|iPhoneSimulator.ActiveCfg = Release|iPhoneSimulator
		{6BA61FFC-4240-4B6A-BFA1-35033F81243E}.Release|iPhoneSimulator.Build.0 = Release|iPhoneSimulator
		{6BA61FFC-4240-4B6A-BFA1-35033F81243E}.Release|iPhoneSimulator.Deploy.0 = Release|iPhoneSimulator
		{25A1FA5C-5A9D-4A8E-9803-9A981A8424DB}.Ad-Hoc|Any CPU.ActiveCfg = Debug|Any CPU
		{25A1FA5C-5A9D-4A8E-9803-9A981A8424DB}.Ad-Hoc|Any CPU.Build.0 = Debug|Any CPU
		{25A1FA5C-5A9D-4A8E-9803-9A981A8424DB}.Ad-Hoc|Any CPU.Deploy.0 = Debug|Any CPU
		{25A1FA5C-5A9D-4A8E-9803-9A981A8424DB}.Ad-Hoc|iPhone.ActiveCfg = Debug|Any CPU
		{25A1FA5C-5A9D-4A8E-9803-9A981A8424DB}.Ad-Hoc|iPhone.Build.0 = Debug|Any CPU
		{25A1FA5C-5A9D-4A8E-9803-9A981A8424DB}.Ad-Hoc|iPhone.Deploy.0 = Debug|Any CPU
		{25A1FA5C-5A9D-4A8E-9803-9A981A8424DB}.Ad-Hoc|iPhoneSimulator.ActiveCfg = Debug|Any CPU
		{25A1FA5C-5A9D-4A8E-9803-9A981A8424DB}.Ad-Hoc|iPhoneSimulator.Build.0 = Debug|Any CPU
		{25A1FA5C-5A9D-4A8E-9803-9A981A8424DB}.Ad-Hoc|iPhoneSimulator.Deploy.0 = Debug|Any CPU
		{25A1FA5C-5A9D-4A8E-9803-9A981A8424DB}.AppStore|Any CPU.ActiveCfg = Debug|Any CPU
		{25A1FA5C-5A9D-4A8E-9803-9A981A8424DB}.AppStore|Any CPU.Build.0 = Debug|Any CPU
		{25A1FA5C-5A9D-4A8E-9803-9A981A8424DB}.AppStore|Any CPU.Deploy.0 = Debug|Any CPU
		{25A1FA5C-5A9D-4A8E-9803-9A981A8424DB}.AppStore|iPhone.ActiveCfg = Debug|Any CPU
		{25A1FA5C-5A9D-4A8E-9803-9A981A8424DB}.AppStore|iPhone.Build.0 = Debug|Any CPU
		{25A1FA5C-5A9D-4A8E-9803-9A981A8424DB}.AppStore|iPhone.Deploy.0 = Debug|Any CPU
		{25A1FA5C-5A9D-4A8E-9803-9A981A8424DB}.AppStore|iPhoneSimulator.ActiveCfg = Debug|Any CPU
		{25A1FA5C-5A9D-4A8E-9803-9A981A8424DB}.AppStore|iPhoneSimulator.Build.0 = Debug|Any CPU
		{25A1FA5C-5A9D-4A8E-9803-9A981A8424DB}.AppStore|iPhoneSimulator.Deploy.0 = Debug|Any CPU
		{25A1FA5C-5A9D-4A8E-9803-9A981A8424DB}.Debug|Any CPU.ActiveCfg = Debug|Any CPU
		{25A1FA5C-5A9D-4A8E-9803-9A981A8424DB}.Debug|Any CPU.Build.0 = Debug|Any CPU
		{25A1FA5C-5A9D-4A8E-9803-9A981A8424DB}.Debug|Any CPU.Deploy.0 = Debug|Any CPU
		{25A1FA5C-5A9D-4A8E-9803-9A981A8424DB}.Debug|iPhone.ActiveCfg = Debug|Any CPU
		{25A1FA5C-5A9D-4A8E-9803-9A981A8424DB}.Debug|iPhone.Build.0 = Debug|Any CPU
		{25A1FA5C-5A9D-4A8E-9803-9A981A8424DB}.Debug|iPhone.Deploy.0 = Debug|Any CPU
		{25A1FA5C-5A9D-4A8E-9803-9A981A8424DB}.Debug|iPhoneSimulator.ActiveCfg = Debug|Any CPU
		{25A1FA5C-5A9D-4A8E-9803-9A981A8424DB}.Debug|iPhoneSimulator.Build.0 = Debug|Any CPU
		{25A1FA5C-5A9D-4A8E-9803-9A981A8424DB}.Debug|iPhoneSimulator.Deploy.0 = Debug|Any CPU
		{25A1FA5C-5A9D-4A8E-9803-9A981A8424DB}.Release|Any CPU.ActiveCfg = Release|Any CPU
		{25A1FA5C-5A9D-4A8E-9803-9A981A8424DB}.Release|Any CPU.Build.0 = Release|Any CPU
		{25A1FA5C-5A9D-4A8E-9803-9A981A8424DB}.Release|Any CPU.Deploy.0 = Release|Any CPU
		{25A1FA5C-5A9D-4A8E-9803-9A981A8424DB}.Release|iPhone.ActiveCfg = Release|Any CPU
		{25A1FA5C-5A9D-4A8E-9803-9A981A8424DB}.Release|iPhone.Build.0 = Release|Any CPU
		{25A1FA5C-5A9D-4A8E-9803-9A981A8424DB}.Release|iPhone.Deploy.0 = Release|Any CPU
		{25A1FA5C-5A9D-4A8E-9803-9A981A8424DB}.Release|iPhoneSimulator.ActiveCfg = Release|Any CPU
		{25A1FA5C-5A9D-4A8E-9803-9A981A8424DB}.Release|iPhoneSimulator.Build.0 = Release|Any CPU
		{25A1FA5C-5A9D-4A8E-9803-9A981A8424DB}.Release|iPhoneSimulator.Deploy.0 = Release|Any CPU
		{4B4F1655-F65A-4725-995C-A35E3F83AF0F}.Ad-Hoc|Any CPU.ActiveCfg = Debug|Any CPU
		{4B4F1655-F65A-4725-995C-A35E3F83AF0F}.Ad-Hoc|Any CPU.Build.0 = Debug|Any CPU
		{4B4F1655-F65A-4725-995C-A35E3F83AF0F}.Ad-Hoc|iPhone.ActiveCfg = Debug|Any CPU
		{4B4F1655-F65A-4725-995C-A35E3F83AF0F}.Ad-Hoc|iPhone.Build.0 = Debug|Any CPU
		{4B4F1655-F65A-4725-995C-A35E3F83AF0F}.Ad-Hoc|iPhoneSimulator.ActiveCfg = Debug|Any CPU
		{4B4F1655-F65A-4725-995C-A35E3F83AF0F}.Ad-Hoc|iPhoneSimulator.Build.0 = Debug|Any CPU
		{4B4F1655-F65A-4725-995C-A35E3F83AF0F}.AppStore|Any CPU.ActiveCfg = Debug|Any CPU
		{4B4F1655-F65A-4725-995C-A35E3F83AF0F}.AppStore|Any CPU.Build.0 = Debug|Any CPU
		{4B4F1655-F65A-4725-995C-A35E3F83AF0F}.AppStore|iPhone.ActiveCfg = Debug|Any CPU
		{4B4F1655-F65A-4725-995C-A35E3F83AF0F}.AppStore|iPhone.Build.0 = Debug|Any CPU
		{4B4F1655-F65A-4725-995C-A35E3F83AF0F}.AppStore|iPhoneSimulator.ActiveCfg = Debug|Any CPU
		{4B4F1655-F65A-4725-995C-A35E3F83AF0F}.AppStore|iPhoneSimulator.Build.0 = Debug|Any CPU
		{4B4F1655-F65A-4725-995C-A35E3F83AF0F}.Debug|Any CPU.ActiveCfg = Debug|Any CPU
		{4B4F1655-F65A-4725-995C-A35E3F83AF0F}.Debug|Any CPU.Build.0 = Debug|Any CPU
		{4B4F1655-F65A-4725-995C-A35E3F83AF0F}.Debug|iPhone.ActiveCfg = Debug|Any CPU
		{4B4F1655-F65A-4725-995C-A35E3F83AF0F}.Debug|iPhone.Build.0 = Debug|Any CPU
		{4B4F1655-F65A-4725-995C-A35E3F83AF0F}.Debug|iPhoneSimulator.ActiveCfg = Debug|Any CPU
		{4B4F1655-F65A-4725-995C-A35E3F83AF0F}.Debug|iPhoneSimulator.Build.0 = Debug|Any CPU
		{4B4F1655-F65A-4725-995C-A35E3F83AF0F}.Release|Any CPU.ActiveCfg = Release|Any CPU
		{4B4F1655-F65A-4725-995C-A35E3F83AF0F}.Release|Any CPU.Build.0 = Release|Any CPU
		{4B4F1655-F65A-4725-995C-A35E3F83AF0F}.Release|iPhone.ActiveCfg = Release|Any CPU
		{4B4F1655-F65A-4725-995C-A35E3F83AF0F}.Release|iPhone.Build.0 = Release|Any CPU
		{4B4F1655-F65A-4725-995C-A35E3F83AF0F}.Release|iPhoneSimulator.ActiveCfg = Release|Any CPU
		{4B4F1655-F65A-4725-995C-A35E3F83AF0F}.Release|iPhoneSimulator.Build.0 = Release|Any CPU
		{DB711A00-E01E-4610-B0B7-5A7298E7AE29}.Ad-Hoc|Any CPU.ActiveCfg = Debug|Any CPU
		{DB711A00-E01E-4610-B0B7-5A7298E7AE29}.Ad-Hoc|Any CPU.Build.0 = Debug|Any CPU
		{DB711A00-E01E-4610-B0B7-5A7298E7AE29}.Ad-Hoc|iPhone.ActiveCfg = Debug|Any CPU
		{DB711A00-E01E-4610-B0B7-5A7298E7AE29}.Ad-Hoc|iPhone.Build.0 = Debug|Any CPU
		{DB711A00-E01E-4610-B0B7-5A7298E7AE29}.Ad-Hoc|iPhoneSimulator.ActiveCfg = Debug|Any CPU
		{DB711A00-E01E-4610-B0B7-5A7298E7AE29}.Ad-Hoc|iPhoneSimulator.Build.0 = Debug|Any CPU
		{DB711A00-E01E-4610-B0B7-5A7298E7AE29}.AppStore|Any CPU.ActiveCfg = Debug|Any CPU
		{DB711A00-E01E-4610-B0B7-5A7298E7AE29}.AppStore|Any CPU.Build.0 = Debug|Any CPU
		{DB711A00-E01E-4610-B0B7-5A7298E7AE29}.AppStore|iPhone.ActiveCfg = Debug|Any CPU
		{DB711A00-E01E-4610-B0B7-5A7298E7AE29}.AppStore|iPhone.Build.0 = Debug|Any CPU
		{DB711A00-E01E-4610-B0B7-5A7298E7AE29}.AppStore|iPhoneSimulator.ActiveCfg = Debug|Any CPU
		{DB711A00-E01E-4610-B0B7-5A7298E7AE29}.AppStore|iPhoneSimulator.Build.0 = Debug|Any CPU
		{DB711A00-E01E-4610-B0B7-5A7298E7AE29}.Debug|Any CPU.ActiveCfg = Debug|Any CPU
		{DB711A00-E01E-4610-B0B7-5A7298E7AE29}.Debug|Any CPU.Build.0 = Debug|Any CPU
		{DB711A00-E01E-4610-B0B7-5A7298E7AE29}.Debug|iPhone.ActiveCfg = Debug|Any CPU
		{DB711A00-E01E-4610-B0B7-5A7298E7AE29}.Debug|iPhone.Build.0 = Debug|Any CPU
		{DB711A00-E01E-4610-B0B7-5A7298E7AE29}.Debug|iPhoneSimulator.ActiveCfg = Debug|Any CPU
		{DB711A00-E01E-4610-B0B7-5A7298E7AE29}.Debug|iPhoneSimulator.Build.0 = Debug|Any CPU
		{DB711A00-E01E-4610-B0B7-5A7298E7AE29}.Release|Any CPU.ActiveCfg = Release|Any CPU
		{DB711A00-E01E-4610-B0B7-5A7298E7AE29}.Release|Any CPU.Build.0 = Release|Any CPU
		{DB711A00-E01E-4610-B0B7-5A7298E7AE29}.Release|iPhone.ActiveCfg = Release|Any CPU
		{DB711A00-E01E-4610-B0B7-5A7298E7AE29}.Release|iPhone.Build.0 = Release|Any CPU
		{DB711A00-E01E-4610-B0B7-5A7298E7AE29}.Release|iPhoneSimulator.ActiveCfg = Release|Any CPU
		{DB711A00-E01E-4610-B0B7-5A7298E7AE29}.Release|iPhoneSimulator.Build.0 = Release|Any CPU
	EndGlobalSection
	GlobalSection(SolutionProperties) = preSolution
		HideSolutionNode = FALSE
	EndGlobalSection
	GlobalSection(ExtensibilityGlobals) = postSolution
		SolutionGuid = {98140CE9-989F-485E-BFE5-744978137BDC}
	EndGlobalSection
EndGlobal
